// !$*UTF8*$!
{
	archiveVersion = 1;
	classes = {
	};
	objectVersion = 50;
	objects = {

/* Begin PBXBuildFile section */
		A7BDD3ED21BB38EE005C6AAA /* AppDelegate.swift in Sources */ = {isa = PBXBuildFile; fileRef = A7BDD3EC21BB38EE005C6AAA /* AppDelegate.swift */; };
		A7BDD3F421BB38EE005C6AAA /* Assets.xcassets in Resources */ = {isa = PBXBuildFile; fileRef = A7BDD3F321BB38EE005C6AAA /* Assets.xcassets */; };
		A7BDD3F721BB38EE005C6AAA /* LaunchScreen.storyboard in Resources */ = {isa = PBXBuildFile; fileRef = A7BDD3F521BB38EE005C6AAA /* LaunchScreen.storyboard */; };
		A7BDD40221BB3F5D005C6AAA /* TripModel.swift in Sources */ = {isa = PBXBuildFile; fileRef = A7BDD40121BB3F5D005C6AAA /* TripModel.swift */; };
		A7BDD40421BB3F71005C6AAA /* TripFunctions.swift in Sources */ = {isa = PBXBuildFile; fileRef = A7BDD40321BB3F71005C6AAA /* TripFunctions.swift */; };
		A7BDD40621BB40B7005C6AAA /* Data.swift in Sources */ = {isa = PBXBuildFile; fileRef = A7BDD40521BB40B7005C6AAA /* Data.swift */; };
		A7BDD40A21BB4226005C6AAA /* TravelogueViewController.storyboard in Resources */ = {isa = PBXBuildFile; fileRef = A7BDD40921BB4226005C6AAA /* TravelogueViewController.storyboard */; };
		A7BDD40E21BB42A0005C6AAA /* TravelogueViewController.swift in Sources */ = {isa = PBXBuildFile; fileRef = A7BDD40D21BB42A0005C6AAA /* TravelogueViewController.swift */; };
		A7BDD41021BB5B27005C6AAA /* TravelogueTableViewCell.swift in Sources */ = {isa = PBXBuildFile; fileRef = A7BDD40F21BB5B27005C6AAA /* TravelogueTableViewCell.swift */; };
		A7BDD41221BB6429005C6AAA /* UIViewExtensions.swift in Sources */ = {isa = PBXBuildFile; fileRef = A7BDD41121BB6429005C6AAA /* UIViewExtensions.swift */; };
		A7BDD41421BB6C3E005C6AAA /* AddTripViewController.storyboard in Resources */ = {isa = PBXBuildFile; fileRef = A7BDD41321BB6C3E005C6AAA /* AddTripViewController.storyboard */; };
		A7BDD41721BB6C72005C6AAA /* AddTripViewController.swift in Sources */ = {isa = PBXBuildFile; fileRef = A7BDD41621BB6C72005C6AAA /* AddTripViewController.swift */; };
		A7BDD41A21C19F30005C6AAA /* PopUpUI.swift in Sources */ = {isa = PBXBuildFile; fileRef = A7BDD41921C19F30005C6AAA /* PopUpUI.swift */; };
		A7BDD41C21C1A110005C6AAA /* buttonControls.swift in Sources */ = {isa = PBXBuildFile; fileRef = A7BDD41B21C1A110005C6AAA /* buttonControls.swift */; };
/* End PBXBuildFile section */

/* Begin PBXFileReference section */
		A7BDD3E921BB38EE005C6AAA /* Travelogue.app */ = {isa = PBXFileReference; explicitFileType = wrapper.application; includeInIndex = 0; path = Travelogue.app; sourceTree = BUILT_PRODUCTS_DIR; };
		A7BDD3EC21BB38EE005C6AAA /* AppDelegate.swift */ = {isa = PBXFileReference; lastKnownFileType = sourcecode.swift; path = AppDelegate.swift; sourceTree = "<group>"; };
		A7BDD3F321BB38EE005C6AAA /* Assets.xcassets */ = {isa = PBXFileReference; lastKnownFileType = folder.assetcatalog; path = Assets.xcassets; sourceTree = "<group>"; };
		A7BDD3F621BB38EE005C6AAA /* Base */ = {isa = PBXFileReference; lastKnownFileType = file.storyboard; name = Base; path = Base.lproj/LaunchScreen.storyboard; sourceTree = "<group>"; };
		A7BDD3F821BB38EE005C6AAA /* Info.plist */ = {isa = PBXFileReference; lastKnownFileType = text.plist.xml; path = Info.plist; sourceTree = "<group>"; };
		A7BDD40121BB3F5D005C6AAA /* TripModel.swift */ = {isa = PBXFileReference; lastKnownFileType = sourcecode.swift; path = TripModel.swift; sourceTree = "<group>"; };
		A7BDD40321BB3F71005C6AAA /* TripFunctions.swift */ = {isa = PBXFileReference; lastKnownFileType = sourcecode.swift; path = TripFunctions.swift; sourceTree = "<group>"; };
		A7BDD40521BB40B7005C6AAA /* Data.swift */ = {isa = PBXFileReference; lastKnownFileType = sourcecode.swift; path = Data.swift; sourceTree = "<group>"; };
		A7BDD40921BB4226005C6AAA /* TravelogueViewController.storyboard */ = {isa = PBXFileReference; lastKnownFileType = file.storyboard; path = TravelogueViewController.storyboard; sourceTree = "<group>"; };
		A7BDD40D21BB42A0005C6AAA /* TravelogueViewController.swift */ = {isa = PBXFileReference; lastKnownFileType = sourcecode.swift; path = TravelogueViewController.swift; sourceTree = "<group>"; };
		A7BDD40F21BB5B27005C6AAA /* TravelogueTableViewCell.swift */ = {isa = PBXFileReference; lastKnownFileType = sourcecode.swift; path = TravelogueTableViewCell.swift; sourceTree = "<group>"; };
		A7BDD41121BB6429005C6AAA /* UIViewExtensions.swift */ = {isa = PBXFileReference; lastKnownFileType = sourcecode.swift; path = UIViewExtensions.swift; sourceTree = "<group>"; };
		A7BDD41321BB6C3E005C6AAA /* AddTripViewController.storyboard */ = {isa = PBXFileReference; fileEncoding = 4; lastKnownFileType = file.storyboard; path = AddTripViewController.storyboard; sourceTree = "<group>"; };
		A7BDD41621BB6C72005C6AAA /* AddTripViewController.swift */ = {isa = PBXFileReference; lastKnownFileType = sourcecode.swift; path = AddTripViewController.swift; sourceTree = "<group>"; };
		A7BDD41921C19F30005C6AAA /* PopUpUI.swift */ = {isa = PBXFileReference; lastKnownFileType = sourcecode.swift; path = PopUpUI.swift; sourceTree = "<group>"; };
		A7BDD41B21C1A110005C6AAA /* buttonControls.swift */ = {isa = PBXFileReference; lastKnownFileType = sourcecode.swift; path = buttonControls.swift; sourceTree = "<group>"; };
/* End PBXFileReference section */

/* Begin PBXFrameworksBuildPhase section */
		A7BDD3E621BB38EE005C6AAA /* Frameworks */ = {
			isa = PBXFrameworksBuildPhase;
			buildActionMask = 2147483647;
			files = (
			);
			runOnlyForDeploymentPostprocessing = 0;
		};
/* End PBXFrameworksBuildPhase section */

/* Begin PBXGroup section */
		A7BDD3E021BB38EE005C6AAA = {
			isa = PBXGroup;
			children = (
				A7BDD3EB21BB38EE005C6AAA /* Travelogue */,
				A7BDD3EA21BB38EE005C6AAA /* Products */,
			);
			sourceTree = "<group>";
		};
		A7BDD3EA21BB38EE005C6AAA /* Products */ = {
			isa = PBXGroup;
			children = (
				A7BDD3E921BB38EE005C6AAA /* Travelogue.app */,
			);
			name = Products;
			sourceTree = "<group>";
		};
		A7BDD3EB21BB38EE005C6AAA /* Travelogue */ = {
			isa = PBXGroup;
			children = (
				A7BDD41821C19F0E005C6AAA /* Custom Controls */,
				A7BDD40521BB40B7005C6AAA /* Data.swift */,
				A7BDD40721BB41CC005C6AAA /* View */,
				A7BDD40021BB3F48005C6AAA /* Model */,
				A7BDD3EC21BB38EE005C6AAA /* AppDelegate.swift */,
				A7BDD3F321BB38EE005C6AAA /* Assets.xcassets */,
				A7BDD3F521BB38EE005C6AAA /* LaunchScreen.storyboard */,
				A7BDD3F821BB38EE005C6AAA /* Info.plist */,
				A7BDD41121BB6429005C6AAA /* UIViewExtensions.swift */,
			);
			path = Travelogue;
			sourceTree = "<group>";
		};
		A7BDD40021BB3F48005C6AAA /* Model */ = {
			isa = PBXGroup;
			children = (
				A7BDD40121BB3F5D005C6AAA /* TripModel.swift */,
				A7BDD40321BB3F71005C6AAA /* TripFunctions.swift */,
			);
			path = Model;
			sourceTree = "<group>";
		};
		A7BDD40721BB41CC005C6AAA /* View */ = {
			isa = PBXGroup;
			children = (
				A7BDD40821BB41FF005C6AAA /* TravelogueViewController */,
				A7BDD40F21BB5B27005C6AAA /* TravelogueTableViewCell.swift */,
			);
			path = View;
			sourceTree = "<group>";
		};
		A7BDD40821BB41FF005C6AAA /* TravelogueViewController */ = {
			isa = PBXGroup;
			children = (
				A7BDD41521BB6C44005C6AAA /* AddTrips */,
				A7BDD40921BB4226005C6AAA /* TravelogueViewController.storyboard */,
				A7BDD40D21BB42A0005C6AAA /* TravelogueViewController.swift */,
			);
			path = TravelogueViewController;
			sourceTree = "<group>";
		};
		A7BDD41521BB6C44005C6AAA /* AddTrips */ = {
			isa = PBXGroup;
			children = (
				A7BDD41321BB6C3E005C6AAA /* AddTripViewController.storyboard */,
				A7BDD41621BB6C72005C6AAA /* AddTripViewController.swift */,
			);
			path = AddTrips;
			sourceTree = "<group>";
		};
		A7BDD41821C19F0E005C6AAA /* Custom Controls */ = {
			isa = PBXGroup;
			children = (
				A7BDD41921C19F30005C6AAA /* PopUpUI.swift */,
				A7BDD41B21C1A110005C6AAA /* buttonControls.swift */,
			);
			path = "Custom Controls";
			sourceTree = "<group>";
		};
/* End PBXGroup section */

/* Begin PBXNativeTarget section */
		A7BDD3E821BB38EE005C6AAA /* Travelogue */ = {
			isa = PBXNativeTarget;
			buildConfigurationList = A7BDD3FB21BB38EE005C6AAA /* Build configuration list for PBXNativeTarget "Travelogue" */;
			buildPhases = (
				A7BDD3E521BB38EE005C6AAA /* Sources */,
				A7BDD3E621BB38EE005C6AAA /* Frameworks */,
				A7BDD3E721BB38EE005C6AAA /* Resources */,
			);
			buildRules = (
			);
			dependencies = (
			);
			name = Travelogue;
			productName = Travelogue;
			productReference = A7BDD3E921BB38EE005C6AAA /* Travelogue.app */;
			productType = "com.apple.product-type.application";
		};
/* End PBXNativeTarget section */

/* Begin PBXProject section */
		A7BDD3E121BB38EE005C6AAA /* Project object */ = {
			isa = PBXProject;
			attributes = {
				LastSwiftUpdateCheck = 1010;
				LastUpgradeCheck = 1010;
				ORGANIZATIONNAME = "Matthew McCarthy";
				TargetAttributes = {
					A7BDD3E821BB38EE005C6AAA = {
						CreatedOnToolsVersion = 10.1;
					};
				};
			};
			buildConfigurationList = A7BDD3E421BB38EE005C6AAA /* Build configuration list for PBXProject "Travelogue" */;
			compatibilityVersion = "Xcode 9.3";
			developmentRegion = en;
			hasScannedForEncodings = 0;
			knownRegions = (
				en,
				Base,
			);
			mainGroup = A7BDD3E021BB38EE005C6AAA;
			productRefGroup = A7BDD3EA21BB38EE005C6AAA /* Products */;
			projectDirPath = "";
			projectRoot = "";
			targets = (
				A7BDD3E821BB38EE005C6AAA /* Travelogue */,
			);
		};
/* End PBXProject section */

/* Begin PBXResourcesBuildPhase section */
		A7BDD3E721BB38EE005C6AAA /* Resources */ = {
			isa = PBXResourcesBuildPhase;
			buildActionMask = 2147483647;
			files = (
				A7BDD41421BB6C3E005C6AAA /* AddTripViewController.storyboard in Resources */,
				A7BDD40A21BB4226005C6AAA /* TravelogueViewController.storyboard in Resources */,
				A7BDD3F721BB38EE005C6AAA /* LaunchScreen.storyboard in Resources */,
				A7BDD3F421BB38EE005C6AAA /* Assets.xcassets in Resources */,
			);
			runOnlyForDeploymentPostprocessing = 0;
		};
/* End PBXResourcesBuildPhase section */

/* Begin PBXSourcesBuildPhase section */
		A7BDD3E521BB38EE005C6AAA /* Sources */ = {
			isa = PBXSourcesBuildPhase;
			buildActionMask = 2147483647;
			files = (
				A7BDD3ED21BB38EE005C6AAA /* AppDelegate.swift in Sources */,
				A7BDD41221BB6429005C6AAA /* UIViewExtensions.swift in Sources */,
				A7BDD41021BB5B27005C6AAA /* TravelogueTableViewCell.swift in Sources */,
				A7BDD40621BB40B7005C6AAA /* Data.swift in Sources */,
				A7BDD40E21BB42A0005C6AAA /* TravelogueViewController.swift in Sources */,
				A7BDD41C21C1A110005C6AAA /* buttonControls.swift in Sources */,
				A7BDD41721BB6C72005C6AAA /* AddTripViewController.swift in Sources */,
				A7BDD40421BB3F71005C6AAA /* TripFunctions.swift in Sources */,
				A7BDD41A21C19F30005C6AAA /* PopUpUI.swift in Sources */,
				A7BDD40221BB3F5D005C6AAA /* TripModel.swift in Sources */,
			);
			runOnlyForDeploymentPostprocessing = 0;
		};
/* End PBXSourcesBuildPhase section */

/* Begin PBXVariantGroup section */
		A7BDD3F521BB38EE005C6AAA /* LaunchScreen.storyboard */ = {
			isa = PBXVariantGroup;
			children = (
				A7BDD3F621BB38EE005C6AAA /* Base */,
			);
			name = LaunchScreen.storyboard;
			sourceTree = "<group>";
		};
/* End PBXVariantGroup section */

/* Begin XCBuildConfiguration section */
		A7BDD3F921BB38EE005C6AAA /* Debug */ = {
			isa = XCBuildConfiguration;
			buildSettings = {
				ALWAYS_SEARCH_USER_PATHS = NO;
				CLANG_ANALYZER_NONNULL = YES;
				CLANG_ANALYZER_NUMBER_OBJECT_CONVERSION = YES_AGGRESSIVE;
				CLANG_CXX_LANGUAGE_STANDARD = "gnu++14";
				CLANG_CXX_LIBRARY = "libc++";
				CLANG_ENABLE_MODULES = YES;
				CLANG_ENABLE_OBJC_ARC = YES;
				CLANG_ENABLE_OBJC_WEAK = YES;
				CLANG_WARN_BLOCK_CAPTURE_AUTORELEASING = YES;
				CLANG_WARN_BOOL_CONVERSION = YES;
				CLANG_WARN_COMMA = YES;
				CLANG_WARN_CONSTANT_CONVERSION = YES;
				CLANG_WARN_DEPRECATED_OBJC_IMPLEMENTATIONS = YES;
				CLANG_WARN_DIRECT_OBJC_ISA_USAGE = YES_ERROR;
				CLANG_WARN_DOCUMENTATION_COMMENTS = YES;
				CLANG_WARN_EMPTY_BODY = YES;
				CLANG_WARN_ENUM_CONVERSION = YES;
				CLANG_WARN_INFINITE_RECURSION = YES;
				CLANG_WARN_INT_CONVERSION = YES;
				CLANG_WARN_NON_LITERAL_NULL_CONVERSION = YES;
				CLANG_WARN_OBJC_IMPLICIT_RETAIN_SELF = YES;
				CLANG_WARN_OBJC_LITERAL_CONVERSION = YES;
				CLANG_WARN_OBJC_ROOT_CLASS = YES_ERROR;
				CLANG_WARN_RANGE_LOOP_ANALYSIS = YES;
				CLANG_WARN_STRICT_PROTOTYPES = YES;
				CLANG_WARN_SUSPICIOUS_MOVE = YES;
				CLANG_WARN_UNGUARDED_AVAILABILITY = YES_AGGRESSIVE;
				CLANG_WARN_UNREACHABLE_CODE = YES;
				CLANG_WARN__DUPLICATE_METHOD_MATCH = YES;
				CODE_SIGN_IDENTITY = "iPhone Developer";
				COPY_PHASE_STRIP = NO;
				DEBUG_INFORMATION_FORMAT = dwarf;
				ENABLE_STRICT_OBJC_MSGSEND = YES;
				ENABLE_TESTABILITY = YES;
				GCC_C_LANGUAGE_STANDARD = gnu11;
				GCC_DYNAMIC_NO_PIC = NO;
				GCC_NO_COMMON_BLOCKS = YES;
				GCC_OPTIMIZATION_LEVEL = 0;
				GCC_PREPROCESSOR_DEFINITIONS = (
					"DEBUG=1",
					"$(inherited)",
				);
				GCC_WARN_64_TO_32_BIT_CONVERSION = YES;
				GCC_WARN_ABOUT_RETURN_TYPE = YES_ERROR;
				GCC_WARN_UNDECLARED_SELECTOR = YES;
				GCC_WARN_UNINITIALIZED_AUTOS = YES_AGGRESSIVE;
				GCC_WARN_UNUSED_FUNCTION = YES;
				GCC_WARN_UNUSED_VARIABLE = YES;
				IPHONEOS_DEPLOYMENT_TARGET = 12.1;
				MTL_ENABLE_DEBUG_INFO = INCLUDE_SOURCE;
				MTL_FAST_MATH = YES;
				ONLY_ACTIVE_ARCH = YES;
				SDKROOT = iphoneos;
				SWIFT_ACTIVE_COMPILATION_CONDITIONS = DEBUG;
				SWIFT_OPTIMIZATION_LEVEL = "-Onone";
			};
			name = Debug;
		};
		A7BDD3FA21BB38EE005C6AAA /* Release */ = {
			isa = XCBuildConfiguration;
			buildSettings = {
				ALWAYS_SEARCH_USER_PATHS = NO;
				CLANG_ANALYZER_NONNULL = YES;
				CLANG_ANALYZER_NUMBER_OBJECT_CONVERSION = YES_AGGRESSIVE;
				CLANG_CXX_LANGUAGE_STANDARD = "gnu++14";
				CLANG_CXX_LIBRARY = "libc++";
				CLANG_ENABLE_MODULES = YES;
				CLANG_ENABLE_OBJC_ARC = YES;
				CLANG_ENABLE_OBJC_WEAK = YES;
				CLANG_WARN_BLOCK_CAPTURE_AUTORELEASING = YES;
				CLANG_WARN_BOOL_CONVERSION = YES;
				CLANG_WARN_COMMA = YES;
				CLANG_WARN_CONSTANT_CONVERSION = YES;
				CLANG_WARN_DEPRECATED_OBJC_IMPLEMENTATIONS = YES;
				CLANG_WARN_DIRECT_OBJC_ISA_USAGE = YES_ERROR;
				CLANG_WARN_DOCUMENTATION_COMMENTS = YES;
				CLANG_WARN_EMPTY_BODY = YES;
				CLANG_WARN_ENUM_CONVERSION = YES;
				CLANG_WARN_INFINITE_RECURSION = YES;
				CLANG_WARN_INT_CONVERSION = YES;
				CLANG_WARN_NON_LITERAL_NULL_CONVERSION = YES;
				CLANG_WARN_OBJC_IMPLICIT_RETAIN_SELF = YES;
				CLANG_WARN_OBJC_LITERAL_CONVERSION = YES;
				CLANG_WARN_OBJC_ROOT_CLASS = YES_ERROR;
				CLANG_WARN_RANGE_LOOP_ANALYSIS = YES;
				CLANG_WARN_STRICT_PROTOTYPES = YES;
				CLANG_WARN_SUSPICIOUS_MOVE = YES;
				CLANG_WARN_UNGUARDED_AVAILABILITY = YES_AGGRESSIVE;
				CLANG_WARN_UNREACHABLE_CODE = YES;
				CLANG_WARN__DUPLICATE_METHOD_MATCH = YES;
				CODE_SIGN_IDENTITY = "iPhone Developer";
				COPY_PHASE_STRIP = NO;
				DEBUG_INFORMATION_FORMAT = "dwarf-with-dsym";
				ENABLE_NS_ASSERTIONS = NO;
				ENABLE_STRICT_OBJC_MSGSEND = YES;
				GCC_C_LANGUAGE_STANDARD = gnu11;
				GCC_NO_COMMON_BLOCKS = YES;
				GCC_WARN_64_TO_32_BIT_CONVERSION = YES;
				GCC_WARN_ABOUT_RETURN_TYPE = YES_ERROR;
				GCC_WARN_UNDECLARED_SELECTOR = YES;
				GCC_WARN_UNINITIALIZED_AUTOS = YES_AGGRESSIVE;
				GCC_WARN_UNUSED_FUNCTION = YES;
				GCC_WARN_UNUSED_VARIABLE = YES;
				IPHONEOS_DEPLOYMENT_TARGET = 12.1;
				MTL_ENABLE_DEBUG_INFO = NO;
				MTL_FAST_MATH = YES;
				SDKROOT = iphoneos;
				SWIFT_COMPILATION_MODE = wholemodule;
				SWIFT_OPTIMIZATION_LEVEL = "-O";
				VALIDATE_PRODUCT = YES;
			};
			name = Release;
		};
		A7BDD3FC21BB38EE005C6AAA /* Debug */ = {
			isa = XCBuildConfiguration;
			buildSettings = {
				ASSETCATALOG_COMPILER_APPICON_NAME = AppIcon;
				CODE_SIGN_STYLE = Automatic;
				DEVELOPMENT_TEAM = QS38Q4U59X;
				INFOPLIST_FILE = Travelogue/Info.plist;
				LD_RUNPATH_SEARCH_PATHS = (
					"$(inherited)",
					"@executable_path/Frameworks",
				);
				PRODUCT_BUNDLE_IDENTIFIER = matt.Travelogue;
				PRODUCT_NAME = "$(TARGET_NAME)";
				SWIFT_VERSION = 4.2;
				TARGETED_DEVICE_FAMILY = "1,2";
			};
			name = Debug;
		};
		A7BDD3FD21BB38EE005C6AAA /* Release */ = {
			isa = XCBuildConfiguration;
			buildSettings = {
				ASSETCATALOG_COMPILER_APPICON_NAME = AppIcon;
				CODE_SIGN_STYLE = Automatic;
				DEVELOPMENT_TEAM = QS38Q4U59X;
				INFOPLIST_FILE = Travelogue/Info.plist;
				LD_RUNPATH_SEARCH_PATHS = (
					"$(inherited)",
					"@executable_path/Frameworks",
				);
				PRODUCT_BUNDLE_IDENTIFIER = matt.Travelogue;
				PRODUCT_NAME = "$(TARGET_NAME)";
				SWIFT_VERSION = 4.2;
				TARGETED_DEVICE_FAMILY = "1,2";
			};
			name = Release;
		};
/* End XCBuildConfiguration section */

/* Begin XCConfigurationList section */
		A7BDD3E421BB38EE005C6AAA /* Build configuration list for PBXProject "Travelogue" */ = {
			isa = XCConfigurationList;
			buildConfigurations = (
				A7BDD3F921BB38EE005C6AAA /* Debug */,
				A7BDD3FA21BB38EE005C6AAA /* Release */,
			);
			defaultConfigurationIsVisible = 0;
			defaultConfigurationName = Release;
		};
		A7BDD3FB21BB38EE005C6AAA /* Build configuration list for PBXNativeTarget "Travelogue" */ = {
			isa = XCConfigurationList;
			buildConfigurations = (
				A7BDD3FC21BB38EE005C6AAA /* Debug */,
				A7BDD3FD21BB38EE005C6AAA /* Release */,
			);
			defaultConfigurationIsVisible = 0;
			defaultConfigurationName = Release;
		};
/* End XCConfigurationList section */
	};
	rootObject = A7BDD3E121BB38EE005C6AAA /* Project object */;
}
